// !$*UTF8*$!
{
	archiveVersion = 1;
	classes = {
	};
	objectVersion = 56;
	objects = {

/* Begin PBXBuildFile section */
		0B59E3BD2B3B06D0000FCB3B /* HomeViewController.swift in Sources */ = {isa = PBXBuildFile; fileRef = 0B59E3BC2B3B06D0000FCB3B /* HomeViewController.swift */; };
		0B59E3BF2B3B06E2000FCB3B /* UpcomingViewController.swift in Sources */ = {isa = PBXBuildFile; fileRef = 0B59E3BE2B3B06E2000FCB3B /* UpcomingViewController.swift */; };
		0B59E3C12B3B06EC000FCB3B /* SearchViewController.swift in Sources */ = {isa = PBXBuildFile; fileRef = 0B59E3C02B3B06EC000FCB3B /* SearchViewController.swift */; };
		0B59E3C32B3B06F9000FCB3B /* DownloadsViewController.swift in Sources */ = {isa = PBXBuildFile; fileRef = 0B59E3C22B3B06F9000FCB3B /* DownloadsViewController.swift */; };
		0B59E3C92B3B1110000FCB3B /* CollectionViewTableViewCell.swift in Sources */ = {isa = PBXBuildFile; fileRef = 0B59E3C82B3B1110000FCB3B /* CollectionViewTableViewCell.swift */; };
		0B59E3CE2B3B2830000FCB3B /* SnapKit in Frameworks */ = {isa = PBXBuildFile; productRef = 0B59E3CD2B3B2830000FCB3B /* SnapKit */; };
		0B59E3D02B3B2830000FCB3B /* SnapKit-Dynamic in Frameworks */ = {isa = PBXBuildFile; productRef = 0B59E3CF2B3B2830000FCB3B /* SnapKit-Dynamic */; };
		0B59E3D32B3B2839000FCB3B /* Then in Frameworks */ = {isa = PBXBuildFile; productRef = 0B59E3D22B3B2839000FCB3B /* Then */; };
		0B59E3D52B3B301F000FCB3B /* PagingView.swift in Sources */ = {isa = PBXBuildFile; fileRef = 0B59E3D42B3B301F000FCB3B /* PagingView.swift */; };
		0BC043DB2B3A9DD2008495FB /* AppDelegate.swift in Sources */ = {isa = PBXBuildFile; fileRef = 0BC043DA2B3A9DD2008495FB /* AppDelegate.swift */; };
		0BC043DD2B3A9DD2008495FB /* SceneDelegate.swift in Sources */ = {isa = PBXBuildFile; fileRef = 0BC043DC2B3A9DD2008495FB /* SceneDelegate.swift */; };
		0BC043DF2B3A9DD2008495FB /* MainTabBarViewController.swift in Sources */ = {isa = PBXBuildFile; fileRef = 0BC043DE2B3A9DD2008495FB /* MainTabBarViewController.swift */; };
		0BC043E42B3A9DD3008495FB /* Assets.xcassets in Resources */ = {isa = PBXBuildFile; fileRef = 0BC043E32B3A9DD3008495FB /* Assets.xcassets */; };
		0BC043E72B3A9DD3008495FB /* LaunchScreen.storyboard in Resources */ = {isa = PBXBuildFile; fileRef = 0BC043E52B3A9DD3008495FB /* LaunchScreen.storyboard */; };
/* End PBXBuildFile section */

/* Begin PBXFileReference section */
		0B59E3BC2B3B06D0000FCB3B /* HomeViewController.swift */ = {isa = PBXFileReference; lastKnownFileType = sourcecode.swift; path = HomeViewController.swift; sourceTree = "<group>"; };
		0B59E3BE2B3B06E2000FCB3B /* UpcomingViewController.swift */ = {isa = PBXFileReference; lastKnownFileType = sourcecode.swift; path = UpcomingViewController.swift; sourceTree = "<group>"; };
		0B59E3C02B3B06EC000FCB3B /* SearchViewController.swift */ = {isa = PBXFileReference; lastKnownFileType = sourcecode.swift; path = SearchViewController.swift; sourceTree = "<group>"; };
		0B59E3C22B3B06F9000FCB3B /* DownloadsViewController.swift */ = {isa = PBXFileReference; lastKnownFileType = sourcecode.swift; path = DownloadsViewController.swift; sourceTree = "<group>"; };
		0B59E3C82B3B1110000FCB3B /* CollectionViewTableViewCell.swift */ = {isa = PBXFileReference; lastKnownFileType = sourcecode.swift; path = CollectionViewTableViewCell.swift; sourceTree = "<group>"; };
		0B59E3D42B3B301F000FCB3B /* PagingView.swift */ = {isa = PBXFileReference; lastKnownFileType = sourcecode.swift; path = PagingView.swift; sourceTree = "<group>"; };
		0BC043D72B3A9DD2008495FB /* Netflix-iOS.app */ = {isa = PBXFileReference; explicitFileType = wrapper.application; includeInIndex = 0; path = "Netflix-iOS.app"; sourceTree = BUILT_PRODUCTS_DIR; };
		0BC043DA2B3A9DD2008495FB /* AppDelegate.swift */ = {isa = PBXFileReference; lastKnownFileType = sourcecode.swift; path = AppDelegate.swift; sourceTree = "<group>"; };
		0BC043DC2B3A9DD2008495FB /* SceneDelegate.swift */ = {isa = PBXFileReference; lastKnownFileType = sourcecode.swift; path = SceneDelegate.swift; sourceTree = "<group>"; };
		0BC043DE2B3A9DD2008495FB /* MainTabBarViewController.swift */ = {isa = PBXFileReference; lastKnownFileType = sourcecode.swift; path = MainTabBarViewController.swift; sourceTree = "<group>"; };
		0BC043E32B3A9DD3008495FB /* Assets.xcassets */ = {isa = PBXFileReference; lastKnownFileType = folder.assetcatalog; path = Assets.xcassets; sourceTree = "<group>"; };
		0BC043E62B3A9DD3008495FB /* Base */ = {isa = PBXFileReference; lastKnownFileType = file.storyboard; name = Base; path = Base.lproj/LaunchScreen.storyboard; sourceTree = "<group>"; };
		0BC043E82B3A9DD3008495FB /* Info.plist */ = {isa = PBXFileReference; lastKnownFileType = text.plist.xml; path = Info.plist; sourceTree = "<group>"; };
/* End PBXFileReference section */

/* Begin PBXFrameworksBuildPhase section */
		0BC043D42B3A9DD2008495FB /* Frameworks */ = {
			isa = PBXFrameworksBuildPhase;
			buildActionMask = 2147483647;
			files = (
				0B59E3CE2B3B2830000FCB3B /* SnapKit in Frameworks */,
				0B59E3D32B3B2839000FCB3B /* Then in Frameworks */,
				0B59E3D02B3B2830000FCB3B /* SnapKit-Dynamic in Frameworks */,
			);
			runOnlyForDeploymentPostprocessing = 0;
		};
/* End PBXFrameworksBuildPhase section */

/* Begin PBXGroup section */
		0B59E3BB2B3B06B2000FCB3B /* Controllers */ = {
			isa = PBXGroup;
			children = (
				0B59E3BC2B3B06D0000FCB3B /* HomeViewController.swift */,
				0B59E3BE2B3B06E2000FCB3B /* UpcomingViewController.swift */,
				0B59E3C02B3B06EC000FCB3B /* SearchViewController.swift */,
				0B59E3C22B3B06F9000FCB3B /* DownloadsViewController.swift */,
			);
			path = Controllers;
			sourceTree = "<group>";
		};
		0B59E3C42B3B10A0000FCB3B /* Models */ = {
			isa = PBXGroup;
			children = (
			);
			path = Models;
			sourceTree = "<group>";
		};
		0B59E3C52B3B10AE000FCB3B /* Views */ = {
			isa = PBXGroup;
			children = (
				0B59E3C72B3B10FB000FCB3B /* Cells */,
				0B59E3D42B3B301F000FCB3B /* PagingView.swift */,
			);
			path = Views;
			sourceTree = "<group>";
		};
		0B59E3C62B3B10B7000FCB3B /* ViewModels */ = {
			isa = PBXGroup;
			children = (
			);
			path = ViewModels;
			sourceTree = "<group>";
		};
		0B59E3C72B3B10FB000FCB3B /* Cells */ = {
			isa = PBXGroup;
			children = (
				0B59E3C82B3B1110000FCB3B /* CollectionViewTableViewCell.swift */,
			);
			path = Cells;
			sourceTree = "<group>";
		};
		0B59E3CA2B3B1118000FCB3B /* Resources */ = {
			isa = PBXGroup;
			children = (
			);
			path = Resources;
			sourceTree = "<group>";
		};
		0B59E3CB2B3B1121000FCB3B /* Presentations */ = {
			isa = PBXGroup;
			children = (
				0B59E3BB2B3B06B2000FCB3B /* Controllers */,
				0B59E3C62B3B10B7000FCB3B /* ViewModels */,
				0B59E3C42B3B10A0000FCB3B /* Models */,
				0B59E3C52B3B10AE000FCB3B /* Views */,
			);
			path = Presentations;
			sourceTree = "<group>";
		};
		0BC043CE2B3A9DD2008495FB = {
			isa = PBXGroup;
			children = (
				0BC043D92B3A9DD2008495FB /* Netflix-iOS */,
				0BC043D82B3A9DD2008495FB /* Products */,
			);
			sourceTree = "<group>";
		};
		0BC043D82B3A9DD2008495FB /* Products */ = {
			isa = PBXGroup;
			children = (
				0BC043D72B3A9DD2008495FB /* Netflix-iOS.app */,
			);
			name = Products;
			sourceTree = "<group>";
		};
		0BC043D92B3A9DD2008495FB /* Netflix-iOS */ = {
			isa = PBXGroup;
			children = (
				0B59E3CA2B3B1118000FCB3B /* Resources */,
				0B59E3CB2B3B1121000FCB3B /* Presentations */,
				0BC043DA2B3A9DD2008495FB /* AppDelegate.swift */,
				0BC043DC2B3A9DD2008495FB /* SceneDelegate.swift */,
				0BC043DE2B3A9DD2008495FB /* MainTabBarViewController.swift */,
				0BC043E32B3A9DD3008495FB /* Assets.xcassets */,
				0BC043E52B3A9DD3008495FB /* LaunchScreen.storyboard */,
				0BC043E82B3A9DD3008495FB /* Info.plist */,
			);
			path = "Netflix-iOS";
			sourceTree = "<group>";
		};
/* End PBXGroup section */

/* Begin PBXNativeTarget section */
		0BC043D62B3A9DD2008495FB /* Netflix-iOS */ = {
			isa = PBXNativeTarget;
			buildConfigurationList = 0BC043EB2B3A9DD3008495FB /* Build configuration list for PBXNativeTarget "Netflix-iOS" */;
			buildPhases = (
				0BC043D32B3A9DD2008495FB /* Sources */,
				0BC043D42B3A9DD2008495FB /* Frameworks */,
				0BC043D52B3A9DD2008495FB /* Resources */,
			);
			buildRules = (
			);
			dependencies = (
			);
			name = "Netflix-iOS";
			packageProductDependencies = (
				0B59E3CD2B3B2830000FCB3B /* SnapKit */,
				0B59E3CF2B3B2830000FCB3B /* SnapKit-Dynamic */,
				0B59E3D22B3B2839000FCB3B /* Then */,
			);
			productName = "Netflix-iOS";
			productReference = 0BC043D72B3A9DD2008495FB /* Netflix-iOS.app */;
			productType = "com.apple.product-type.application";
		};
/* End PBXNativeTarget section */

/* Begin PBXProject section */
		0BC043CF2B3A9DD2008495FB /* Project object */ = {
			isa = PBXProject;
			attributes = {
				BuildIndependentTargetsInParallel = 1;
				LastSwiftUpdateCheck = 1510;
				LastUpgradeCheck = 1510;
				TargetAttributes = {
					0BC043D62B3A9DD2008495FB = {
						CreatedOnToolsVersion = 15.1;
					};
				};
			};
			buildConfigurationList = 0BC043D22B3A9DD2008495FB /* Build configuration list for PBXProject "Netflix-iOS" */;
			compatibilityVersion = "Xcode 14.0";
			developmentRegion = en;
			hasScannedForEncodings = 0;
			knownRegions = (
				en,
				Base,
			);
			mainGroup = 0BC043CE2B3A9DD2008495FB;
			packageReferences = (
				0B59E3CC2B3B2830000FCB3B /* XCRemoteSwiftPackageReference "SnapKit" */,
				0B59E3D12B3B2839000FCB3B /* XCRemoteSwiftPackageReference "Then" */,
			);
			productRefGroup = 0BC043D82B3A9DD2008495FB /* Products */;
			projectDirPath = "";
			projectRoot = "";
			targets = (
				0BC043D62B3A9DD2008495FB /* Netflix-iOS */,
			);
		};
/* End PBXProject section */

/* Begin PBXResourcesBuildPhase section */
		0BC043D52B3A9DD2008495FB /* Resources */ = {
			isa = PBXResourcesBuildPhase;
			buildActionMask = 2147483647;
			files = (
				0BC043E72B3A9DD3008495FB /* LaunchScreen.storyboard in Resources */,
				0BC043E42B3A9DD3008495FB /* Assets.xcassets in Resources */,
			);
			runOnlyForDeploymentPostprocessing = 0;
		};
/* End PBXResourcesBuildPhase section */

/* Begin PBXSourcesBuildPhase section */
		0BC043D32B3A9DD2008495FB /* Sources */ = {
			isa = PBXSourcesBuildPhase;
			buildActionMask = 2147483647;
			files = (
				0B59E3D52B3B301F000FCB3B /* PagingView.swift in Sources */,
				0B59E3C12B3B06EC000FCB3B /* SearchViewController.swift in Sources */,
				0BC043DF2B3A9DD2008495FB /* MainTabBarViewController.swift in Sources */,
				0B59E3C92B3B1110000FCB3B /* CollectionViewTableViewCell.swift in Sources */,
				0B59E3C32B3B06F9000FCB3B /* DownloadsViewController.swift in Sources */,
				0BC043DB2B3A9DD2008495FB /* AppDelegate.swift in Sources */,
				0BC043DD2B3A9DD2008495FB /* SceneDelegate.swift in Sources */,
				0B59E3BF2B3B06E2000FCB3B /* UpcomingViewController.swift in Sources */,
				0B59E3BD2B3B06D0000FCB3B /* HomeViewController.swift in Sources */,
			);
			runOnlyForDeploymentPostprocessing = 0;
		};
/* End PBXSourcesBuildPhase section */

/* Begin PBXVariantGroup section */
		0BC043E52B3A9DD3008495FB /* LaunchScreen.storyboard */ = {
			isa = PBXVariantGroup;
			children = (
				0BC043E62B3A9DD3008495FB /* Base */,
			);
			name = LaunchScreen.storyboard;
			sourceTree = "<group>";
		};
/* End PBXVariantGroup section */

/* Begin XCBuildConfiguration section */
		0BC043E92B3A9DD3008495FB /* Debug */ = {
			isa = XCBuildConfiguration;
			buildSettings = {
				ALWAYS_SEARCH_USER_PATHS = NO;
				ASSETCATALOG_COMPILER_GENERATE_SWIFT_ASSET_SYMBOL_EXTENSIONS = YES;
				CLANG_ANALYZER_NONNULL = YES;
				CLANG_ANALYZER_NUMBER_OBJECT_CONVERSION = YES_AGGRESSIVE;
				CLANG_CXX_LANGUAGE_STANDARD = "gnu++20";
				CLANG_ENABLE_MODULES = YES;
				CLANG_ENABLE_OBJC_ARC = YES;
				CLANG_ENABLE_OBJC_WEAK = YES;
				CLANG_WARN_BLOCK_CAPTURE_AUTORELEASING = YES;
				CLANG_WARN_BOOL_CONVERSION = YES;
				CLANG_WARN_COMMA = YES;
				CLANG_WARN_CONSTANT_CONVERSION = YES;
				CLANG_WARN_DEPRECATED_OBJC_IMPLEMENTATIONS = YES;
				CLANG_WARN_DIRECT_OBJC_ISA_USAGE = YES_ERROR;
				CLANG_WARN_DOCUMENTATION_COMMENTS = YES;
				CLANG_WARN_EMPTY_BODY = YES;
				CLANG_WARN_ENUM_CONVERSION = YES;
				CLANG_WARN_INFINITE_RECURSION = YES;
				CLANG_WARN_INT_CONVERSION = YES;
				CLANG_WARN_NON_LITERAL_NULL_CONVERSION = YES;
				CLANG_WARN_OBJC_IMPLICIT_RETAIN_SELF = YES;
				CLANG_WARN_OBJC_LITERAL_CONVERSION = YES;
				CLANG_WARN_OBJC_ROOT_CLASS = YES_ERROR;
				CLANG_WARN_QUOTED_INCLUDE_IN_FRAMEWORK_HEADER = YES;
				CLANG_WARN_RANGE_LOOP_ANALYSIS = YES;
				CLANG_WARN_STRICT_PROTOTYPES = YES;
				CLANG_WARN_SUSPICIOUS_MOVE = YES;
				CLANG_WARN_UNGUARDED_AVAILABILITY = YES_AGGRESSIVE;
				CLANG_WARN_UNREACHABLE_CODE = YES;
				CLANG_WARN__DUPLICATE_METHOD_MATCH = YES;
				COPY_PHASE_STRIP = NO;
				DEBUG_INFORMATION_FORMAT = dwarf;
				ENABLE_STRICT_OBJC_MSGSEND = YES;
				ENABLE_TESTABILITY = YES;
				ENABLE_USER_SCRIPT_SANDBOXING = YES;
				GCC_C_LANGUAGE_STANDARD = gnu17;
				GCC_DYNAMIC_NO_PIC = NO;
				GCC_NO_COMMON_BLOCKS = YES;
				GCC_OPTIMIZATION_LEVEL = 0;
				GCC_PREPROCESSOR_DEFINITIONS = (
					"DEBUG=1",
					"$(inherited)",
				);
				GCC_WARN_64_TO_32_BIT_CONVERSION = YES;
				GCC_WARN_ABOUT_RETURN_TYPE = YES_ERROR;
				GCC_WARN_UNDECLARED_SELECTOR = YES;
				GCC_WARN_UNINITIALIZED_AUTOS = YES_AGGRESSIVE;
				GCC_WARN_UNUSED_FUNCTION = YES;
				GCC_WARN_UNUSED_VARIABLE = YES;
				IPHONEOS_DEPLOYMENT_TARGET = 17.2;
				LOCALIZATION_PREFERS_STRING_CATALOGS = YES;
				MTL_ENABLE_DEBUG_INFO = INCLUDE_SOURCE;
				MTL_FAST_MATH = YES;
				ONLY_ACTIVE_ARCH = YES;
				SDKROOT = iphoneos;
				SWIFT_ACTIVE_COMPILATION_CONDITIONS = "DEBUG $(inherited)";
				SWIFT_OPTIMIZATION_LEVEL = "-Onone";
			};
			name = Debug;
		};
		0BC043EA2B3A9DD3008495FB /* Release */ = {
			isa = XCBuildConfiguration;
			buildSettings = {
				ALWAYS_SEARCH_USER_PATHS = NO;
				ASSETCATALOG_COMPILER_GENERATE_SWIFT_ASSET_SYMBOL_EXTENSIONS = YES;
				CLANG_ANALYZER_NONNULL = YES;
				CLANG_ANALYZER_NUMBER_OBJECT_CONVERSION = YES_AGGRESSIVE;
				CLANG_CXX_LANGUAGE_STANDARD = "gnu++20";
				CLANG_ENABLE_MODULES = YES;
				CLANG_ENABLE_OBJC_ARC = YES;
				CLANG_ENABLE_OBJC_WEAK = YES;
				CLANG_WARN_BLOCK_CAPTURE_AUTORELEASING = YES;
				CLANG_WARN_BOOL_CONVERSION = YES;
				CLANG_WARN_COMMA = YES;
				CLANG_WARN_CONSTANT_CONVERSION = YES;
				CLANG_WARN_DEPRECATED_OBJC_IMPLEMENTATIONS = YES;
				CLANG_WARN_DIRECT_OBJC_ISA_USAGE = YES_ERROR;
				CLANG_WARN_DOCUMENTATION_COMMENTS = YES;
				CLANG_WARN_EMPTY_BODY = YES;
				CLANG_WARN_ENUM_CONVERSION = YES;
				CLANG_WARN_INFINITE_RECURSION = YES;
				CLANG_WARN_INT_CONVERSION = YES;
				CLANG_WARN_NON_LITERAL_NULL_CONVERSION = YES;
				CLANG_WARN_OBJC_IMPLICIT_RETAIN_SELF = YES;
				CLANG_WARN_OBJC_LITERAL_CONVERSION = YES;
				CLANG_WARN_OBJC_ROOT_CLASS = YES_ERROR;
				CLANG_WARN_QUOTED_INCLUDE_IN_FRAMEWORK_HEADER = YES;
				CLANG_WARN_RANGE_LOOP_ANALYSIS = YES;
				CLANG_WARN_STRICT_PROTOTYPES = YES;
				CLANG_WARN_SUSPICIOUS_MOVE = YES;
				CLANG_WARN_UNGUARDED_AVAILABILITY = YES_AGGRESSIVE;
				CLANG_WARN_UNREACHABLE_CODE = YES;
				CLANG_WARN__DUPLICATE_METHOD_MATCH = YES;
				COPY_PHASE_STRIP = NO;
				DEBUG_INFORMATION_FORMAT = "dwarf-with-dsym";
				ENABLE_NS_ASSERTIONS = NO;
				ENABLE_STRICT_OBJC_MSGSEND = YES;
				ENABLE_USER_SCRIPT_SANDBOXING = YES;
				GCC_C_LANGUAGE_STANDARD = gnu17;
				GCC_NO_COMMON_BLOCKS = YES;
				GCC_WARN_64_TO_32_BIT_CONVERSION = YES;
				GCC_WARN_ABOUT_RETURN_TYPE = YES_ERROR;
				GCC_WARN_UNDECLARED_SELECTOR = YES;
				GCC_WARN_UNINITIALIZED_AUTOS = YES_AGGRESSIVE;
				GCC_WARN_UNUSED_FUNCTION = YES;
				GCC_WARN_UNUSED_VARIABLE = YES;
				IPHONEOS_DEPLOYMENT_TARGET = 17.2;
				LOCALIZATION_PREFERS_STRING_CATALOGS = YES;
				MTL_ENABLE_DEBUG_INFO = NO;
				MTL_FAST_MATH = YES;
				SDKROOT = iphoneos;
				SWIFT_COMPILATION_MODE = wholemodule;
				VALIDATE_PRODUCT = YES;
			};
			name = Release;
		};
		0BC043EC2B3A9DD3008495FB /* Debug */ = {
			isa = XCBuildConfiguration;
			buildSettings = {
				ASSETCATALOG_COMPILER_APPICON_NAME = AppIcon;
				ASSETCATALOG_COMPILER_GLOBAL_ACCENT_COLOR_NAME = AccentColor;
				CODE_SIGN_STYLE = Automatic;
				CURRENT_PROJECT_VERSION = 1;
				DEVELOPMENT_TEAM = Q7F3S7B9JL;
				GENERATE_INFOPLIST_FILE = YES;
				INFOPLIST_FILE = "Netflix-iOS/Info.plist";
				INFOPLIST_KEY_UIApplicationSupportsIndirectInputEvents = YES;
				INFOPLIST_KEY_UILaunchStoryboardName = LaunchScreen;
				INFOPLIST_KEY_UISupportedInterfaceOrientations_iPad = "UIInterfaceOrientationPortrait UIInterfaceOrientationPortraitUpsideDown UIInterfaceOrientationLandscapeLeft UIInterfaceOrientationLandscapeRight";
				INFOPLIST_KEY_UISupportedInterfaceOrientations_iPhone = "UIInterfaceOrientationPortrait UIInterfaceOrientationLandscapeLeft UIInterfaceOrientationLandscapeRight";
				LD_RUNPATH_SEARCH_PATHS = (
					"$(inherited)",
					"@executable_path/Frameworks",
				);
				MARKETING_VERSION = 1.0;
				PRODUCT_BUNDLE_IDENTIFIER = "kimSeonWoo.Netflix-iOS";
				PRODUCT_NAME = "$(TARGET_NAME)";
				SWIFT_EMIT_LOC_STRINGS = YES;
				SWIFT_VERSION = 5.0;
				TARGETED_DEVICE_FAMILY = "1,2";
			};
			name = Debug;
		};
		0BC043ED2B3A9DD3008495FB /* Release */ = {
			isa = XCBuildConfiguration;
			buildSettings = {
				ASSETCATALOG_COMPILER_APPICON_NAME = AppIcon;
				ASSETCATALOG_COMPILER_GLOBAL_ACCENT_COLOR_NAME = AccentColor;
				CODE_SIGN_STYLE = Automatic;
				CURRENT_PROJECT_VERSION = 1;
				DEVELOPMENT_TEAM = Q7F3S7B9JL;
				GENERATE_INFOPLIST_FILE = YES;
				INFOPLIST_FILE = "Netflix-iOS/Info.plist";
				INFOPLIST_KEY_UIApplicationSupportsIndirectInputEvents = YES;
				INFOPLIST_KEY_UILaunchStoryboardName = LaunchScreen;
				INFOPLIST_KEY_UISupportedInterfaceOrientations_iPad = "UIInterfaceOrientationPortrait UIInterfaceOrientationPortraitUpsideDown UIInterfaceOrientationLandscapeLeft UIInterfaceOrientationLandscapeRight";
				INFOPLIST_KEY_UISupportedInterfaceOrientations_iPhone = "UIInterfaceOrientationPortrait UIInterfaceOrientationLandscapeLeft UIInterfaceOrientationLandscapeRight";
				LD_RUNPATH_SEARCH_PATHS = (
					"$(inherited)",
					"@executable_path/Frameworks",
				);
				MARKETING_VERSION = 1.0;
				PRODUCT_BUNDLE_IDENTIFIER = "kimSeonWoo.Netflix-iOS";
				PRODUCT_NAME = "$(TARGET_NAME)";
				SWIFT_EMIT_LOC_STRINGS = YES;
				SWIFT_VERSION = 5.0;
				TARGETED_DEVICE_FAMILY = "1,2";
			};
			name = Release;
		};
/* End XCBuildConfiguration section */

/* Begin XCConfigurationList section */
		0BC043D22B3A9DD2008495FB /* Build configuration list for PBXProject "Netflix-iOS" */ = {
			isa = XCConfigurationList;
			buildConfigurations = (
				0BC043E92B3A9DD3008495FB /* Debug */,
				0BC043EA2B3A9DD3008495FB /* Release */,
			);
			defaultConfigurationIsVisible = 0;
			defaultConfigurationName = Release;
		};
		0BC043EB2B3A9DD3008495FB /* Build configuration list for PBXNativeTarget "Netflix-iOS" */ = {
			isa = XCConfigurationList;
			buildConfigurations = (
				0BC043EC2B3A9DD3008495FB /* Debug */,
				0BC043ED2B3A9DD3008495FB /* Release */,
			);
			defaultConfigurationIsVisible = 0;
			defaultConfigurationName = Release;
		};
/* End XCConfigurationList section */

/* Begin XCRemoteSwiftPackageReference section */
		0B59E3CC2B3B2830000FCB3B /* XCRemoteSwiftPackageReference "SnapKit" */ = {
			isa = XCRemoteSwiftPackageReference;
			repositoryURL = "https://github.com/SnapKit/SnapKit.git";
			requirement = {
				kind = upToNextMajorVersion;
				minimumVersion = 5.6.0;
			};
		};
		0B59E3D12B3B2839000FCB3B /* XCRemoteSwiftPackageReference "Then" */ = {
			isa = XCRemoteSwiftPackageReference;
			repositoryURL = "https://github.com/devxoul/Then";
			requirement = {
				kind = upToNextMajorVersion;
				minimumVersion = 3.0.0;
			};
		};
/* End XCRemoteSwiftPackageReference section */

/* Begin XCSwiftPackageProductDependency section */
		0B59E3CD2B3B2830000FCB3B /* SnapKit */ = {
			isa = XCSwiftPackageProductDependency;
			package = 0B59E3CC2B3B2830000FCB3B /* XCRemoteSwiftPackageReference "SnapKit" */;
			productName = SnapKit;
		};
		0B59E3CF2B3B2830000FCB3B /* SnapKit-Dynamic */ = {
			isa = XCSwiftPackageProductDependency;
			package = 0B59E3CC2B3B2830000FCB3B /* XCRemoteSwiftPackageReference "SnapKit" */;
			productName = "SnapKit-Dynamic";
		};
		0B59E3D22B3B2839000FCB3B /* Then */ = {
			isa = XCSwiftPackageProductDependency;
			package = 0B59E3D12B3B2839000FCB3B /* XCRemoteSwiftPackageReference "Then" */;
			productName = Then;
		};
/* End XCSwiftPackageProductDependency section */
	};
	rootObject = 0BC043CF2B3A9DD2008495FB /* Project object */;
}
